version = 1
revision = 3
requires-python = ">=3.8.20"
resolution-markers = [
    "python_full_version >= '3.14' and sys_platform == 'win32'",
    "python_full_version >= '3.14' and sys_platform == 'emscripten'",
    "python_full_version >= '3.14' and sys_platform != 'emscripten' and sys_platform != 'win32'",
    "python_full_version == '3.13.*' and sys_platform == 'win32'",
    "python_full_version == '3.12.*' and sys_platform == 'win32'",
    "python_full_version == '3.11.*' and sys_platform == 'win32'",
    "python_full_version == '3.13.*' and sys_platform == 'emscripten'",
    "python_full_version == '3.12.*' and sys_platform == 'emscripten'",
    "python_full_version == '3.11.*' and sys_platform == 'emscripten'",
    "python_full_version == '3.13.*' and sys_platform != 'emscripten' and sys_platform != 'win32'",
    "python_full_version == '3.12.*' and sys_platform != 'emscripten' and sys_platform != 'win32'",
    "python_full_version == '3.11.*' and sys_platform != 'emscripten' and sys_platform != 'win32'",
    "python_full_version == '3.10.*'",
    "python_full_version == '3.9.*'",
    "python_full_version < '3.9'",
]

[[package]]
name = "neo4j"
version = "5.28.4"
source = { registry = "https://pypi.org/simple" }
resolution-markers = [
    "python_full_version == '3.9.*'",
    "python_full_version < '3.9'",
]
dependencies = [
    { name = "pytz", marker = "python_full_version < '3.10'" },
]
sdist = { url = "https://files.pythonhosted.org/packages/62/aa/83baca8f9e5e5ba1a00722067a4bf3c088c5c02019a7b485e94c8cf05d39/neo4j-5.28.4.tar.gz", hash = "sha256:4a2d8d6eb8c2da0bc87a30e96e2c179fbc0045665626482901ca3dcc9c2b1811", size = 232608, upload-time = "2026-05-04T08:00:55.426Z" }
wheels = [
    { url = "https://files.pythonhosted.org/packages/d9/fd/d46f29f4089a00a7d4894f5e1739288c2a42622b72ea7161a226b73ff4fa/neo4j-5.28.4-py3-none-any.whl", hash = "sha256:ba87c423fd2a1fbe6a116c47ac96cfbe7d8c419d24d2f5611e5674283dddf7b9", size = 313927, upload-time = "2026-05-04T08:00:52.005Z" },
]

[[package]]
name = "neo4j"
version = "6.2.0"
source = { registry = "https://pypi.org/simple" }
resolution-markers = [
    "python_full_version >= '3.14' and sys_platform == 'win32'",
    "python_full_version >= '3.14' and sys_platform == 'emscripten'",
    "python_full_version >= '3.14' and sys_platform != 'emscripten' and sys_platform != 'win32'",
    "python_full_version == '3.13.*' and sys_platform == 'win32'",
    "python_full_version == '3.12.*' and sys_platform == 'win32'",
    "python_full_version == '3.11.*' and sys_platform == 'win32'",
    "python_full_version == '3.13.*' and sys_platform == 'emscripten'",
    "python_full_version == '3.12.*' and sys_platform == 'emscripten'",
    "python_full_version == '3.11.*' and sys_platform == 'emscripten'",
    "python_full_version == '3.13.*' and sys_platform != 'emscripten' and sys_platform != 'win32'",
    "python_full_version == '3.12.*' and sys_platform != 'emscripten' and sys_platform != 'win32'",
    "python_full_version == '3.11.*' and sys_platform != 'emscripten' and sys_platform != 'win32'",
    "python_full_version == '3.10.*'",
]
dependencies = [
    { name = "pytz", marker = "python_full_version >= '3.10'" },
]
sdist = { url = "https://files.pythonhosted.org/packages/ce/f4/aaa4ac19adae4b01bc742b63afd2672a77e7351566f02721e713e4b863ee/neo4j-6.2.0.tar.gz", hash = "sha256:e1e246b65b572bd8ea97f9e0e721b7d40a5ce53e53d0007c29aef63e4f9124d9", size = 241459, upload-time = "2026-05-04T07:35:41.428Z" }
wheels = [
    { url = "https://files.pythonhosted.org/packages/e6/cf/1c3795866cefaac6e648d4e98c373cafd97810f6e317c307371007ab4abb/neo4j-6.2.0-py3-none-any.whl", hash = "sha256:b87abdd13a5cc2e3bd51026926c2f20ac38fa3febe98c340520dce19e97388d0", size = 327824, upload-time = "2026-05-04T07:35:39.604Z" },
]

[[package]]
name = "python-dotenv"
version = "1.0.1"
source = { registry = "https://pypi.org/simple" }
resolution-markers = [
    "python_full_version < '3.9'",
]
sdist = { url = "https://files.pythonhosted.org/packages/bc/57/e84d88dfe0aec03b7a2d4327012c1627ab5f03652216c63d49846d7a6c58/python-dotenv-1.0.1.tar.gz", hash = "sha256:e324ee90a023d808f1959c46bcbc04446a10ced277783dc6ee09987c37ec10ca", size = 39115, upload-time = "2024-01-23T06:33:00.505Z" }
wheels = [
    { url = "https://files.pythonhosted.org/packages/6a/3e/b68c118422ec867fa7ab88444e1274aa40681c606d59ac27de5a5588f082/python_dotenv-1.0.1-py3-none-any.whl", hash = "sha256:f7b63ef50f1b690dddf550d03497b66d609393b40b564ed0d674909a68ebf16a", size = 19863, upload-time = "2024-01-23T06:32:58.246Z" },
]

[[package]]
name = "python-dotenv"
version = "1.2.1"
source = { registry = "https://pypi.org/simple" }
resolution-markers = [
    "python_full_version == '3.9.*'",
]
sdist = { url = "https://files.pythonhosted.org/packages/f0/26/19cadc79a718c5edbec86fd4919a6b6d3f681039a2f6d66d14be94e75fb9/python_dotenv-1.2.1.tar.gz", hash = "sha256:42667e897e16ab0d66954af0e60a9caa94f0fd4ecf3aaf6d2d260eec1aa36ad6", size = 44221, upload-time = "2025-10-26T15:12:10.434Z" }
wheels = [
    { url = "https://files.pythonhosted.org/packages/14/1b/a298b06749107c305e1fe0f814c6c74aea7b2f1e10989cb30f544a1b3253/python_dotenv-1.2.1-py3-none-any.whl", hash = "sha256:b81ee9561e9ca4004139c6cbba3a238c32b03e4894671e181b671e8cb8425d61", size = 21230, upload-time = "2025-10-26T15:12:09.109Z" },
]

[[package]]
name = "python-dotenv"
version = "1.2.2"
source = { registry = "https://pypi.org/simple" }
resolution-markers = [
    "python_full_version >= '3.14' and sys_platform == 'win32'",
    "python_full_version >= '3.14' and sys_platform == 'emscripten'",
    "python_full_version >= '3.14' and sys_platform != 'emscripten' and sys_platform != 'win32'",
    "python_full_version == '3.13.*' and sys_platform == 'win32'",
    "python_full_version == '3.12.*' and sys_platform == 'win32'",
    "python_full_version == '3.11.*' and sys_platform == 'win32'",
    "python_full_version == '3.13.*' and sys_platform == 'emscripten'",
    "python_full_version == '3.12.*' and sys_platform == 'emscripten'",
    "python_full_version == '3.11.*' and sys_platform == 'emscripten'",
    "python_full_version == '3.13.*' and sys_platform != 'emscripten' and sys_platform != 'win32'",
    "python_full_version == '3.12.*' and sys_platform != 'emscripten' and sys_platform != 'win32'",
    "python_full_version == '3.11.*' and sys_platform != 'emscripten' and sys_platform != 'win32'",
    "python_full_version == '3.10.*'",
]
sdist = { url = "https://files.pythonhosted.org/packages/82/ed/0301aeeac3e5353ef3d94b6ec08bbcabd04a72018415dcb29e588514bba8/python_dotenv-1.2.2.tar.gz", hash = "sha256:2c371a91fbd7ba082c2c1dc1f8bf89ca22564a087c2c287cd9b662adde799cf3", size = 50135, upload-time = "2026-03-01T16:00:26.196Z" }
wheels = [
    { url = "https://files.pythonhosted.org/packages/0b/d7/1959b9648791274998a9c3526f6d0ec8fd2233e4d4acce81bbae76b44b2a/python_dotenv-1.2.2-py3-none-any.whl", hash = "sha256:1d8214789a24de455a8b8bd8ae6fe3c6b69a5e3d64aa8a8e5d68e694bbcb285a", size = 22101, upload-time = "2026-03-01T16:00:25.09Z" },
]

[[package]]
name = "pytz"
version = "2026.2"
source = { registry = "https://pypi.org/simple" }
sdist = { url = "https://files.pythonhosted.org/packages/ff/46/dd499ec9038423421951e4fad73051febaa13d2df82b4064f87af8b8c0c3/pytz-2026.2.tar.gz", hash = "sha256:0e60b47b29f21574376f218fe21abc009894a2321ea16c6754f3cad6eb7cdd6a", size = 320861, upload-time = "2026-05-04T01:35:29.667Z" }
wheels = [
    { url = "https://files.pythonhosted.org/packages/ec/dd/96da98f892250475bdf2328112d7468abdd4acc7b902b6af23f4ed958ea0/pytz-2026.2-py2.py3-none-any.whl", hash = "sha256:04156e608bee23d3792fd45c94ae47fae1036688e75032eea2e3bf0323d1f126", size = 510141, upload-time = "2026-05-04T01:35:27.408Z" },
]

[[package]]
name = "sql-agent"
version = "0.1.0"
source = { editable = "." }
dependencies = [
    { name = "neo4j", version = "5.28.4", source = { registry = "https://pypi.org/simple" }, marker = "python_full_version < '3.10'" },
    { name = "neo4j", version = "6.2.0", source = { registry = "https://pypi.org/simple" }, marker = "python_full_version >= '3.10'" },
    { name = "python-dotenv", version = "1.0.1", source = { registry = "https://pypi.org/simple" }, marker = "python_full_version < '3.9'" },
    { name = "python-dotenv", version = "1.2.1", source = { registry = "https://pypi.org/simple" }, marker = "python_full_version == '3.9.*'" },
    { name = "python-dotenv", version = "1.2.2", source = { registry = "https://pypi.org/simple" }, marker = "python_full_version >= '3.10'" },
]

[package.metadata]
requires-dist = [
    { name = "neo4j", specifier = ">=5.28.4" },
    { name = "python-dotenv", specifier = ">=1.0.1" },
]
